
Microsoft Visual Studio Solution File, Format Version 12.00
# Visual Studio Version 16
VisualStudioVersion = 16.0.31613.86
MinimumVisualStudioVersion = 10.0.40219.1
Project("{FAE04EC0-301F-11D3-BF4B-00C04F79EFBC}") = "Solbrinken", "Solbrinken.csproj", "{CD6CD453-49CC-4EB0-8972-AFBE07030074}"
EndProject
Global
	GlobalSection(SolutionConfigurationPlatforms) = preSolution
		Debug|Any CPU = Debug|Any CPU
		Release|Any CPU = Release|Any CPU
	EndGlobalSection
	GlobalSection(ProjectConfigurationPlatforms) = postSolution
		{CD6CD453-49CC-4EB0-8972-AFBE07030074}.Debug|Any CPU.ActiveCfg = Debug|Any CPU
		{CD6CD453-49CC-4EB0-8972-AFBE07030074}.Debug|Any CPU.Build.0 = Debug|Any CPU
		{CD6CD453-49CC-4EB0-8972-AFBE07030074}.Release|Any CPU.ActiveCfg = Release|Any CPU
		{CD6CD453-49CC-4EB0-8972-AFBE07030074}.Release|Any CPU.Build.0 = Release|Any CPU
	EndGlobalSection
	GlobalSection(SolutionProperties) = preSolution
		HideSolutionNode = FALSE
	EndGlobalSection
	GlobalSection(ExtensibilityGlobals) = postSolution
		SolutionGuid = {AFE4C8C7-1BAA-4A31-9CA4-7D4AD523B379}
	EndGlobalSection
EndGlobal
